// !$*UTF8*$!
{
	archiveVersion = 1;
	classes = {
	};
	objectVersion = 51;
	objects = {

/* Begin PBXBuildFile section */
		245A520E26A5A1AF007C30AA /* AppDelegate.swift in Sources */ = {isa = PBXBuildFile; fileRef = 245A520D26A5A1AF007C30AA /* AppDelegate.swift */; };
		245A521026A5A1AF007C30AA /* SceneDelegate.swift in Sources */ = {isa = PBXBuildFile; fileRef = 245A520F26A5A1AF007C30AA /* SceneDelegate.swift */; };
		245A521226A5A1AF007C30AA /* LibraryViewController.swift in Sources */ = {isa = PBXBuildFile; fileRef = 245A521126A5A1AF007C30AA /* LibraryViewController.swift */; };
		245A521526A5A1AF007C30AA /* Main.storyboard in Resources */ = {isa = PBXBuildFile; fileRef = 245A521326A5A1AF007C30AA /* Main.storyboard */; };
		245A521726A5A1B1007C30AA /* Assets.xcassets in Resources */ = {isa = PBXBuildFile; fileRef = 245A521626A5A1B1007C30AA /* Assets.xcassets */; };
		245A521A26A5A1B1007C30AA /* LaunchScreen.storyboard in Resources */ = {isa = PBXBuildFile; fileRef = 245A521826A5A1B1007C30AA /* LaunchScreen.storyboard */; };
		245A522226A5A245007C30AA /* MainTabBarController.swift in Sources */ = {isa = PBXBuildFile; fileRef = 245A522126A5A245007C30AA /* MainTabBarController.swift */; };
		245A522426A5A320007C30AA /* SearchMusicViewController.swift in Sources */ = {isa = PBXBuildFile; fileRef = 245A522326A5A320007C30AA /* SearchMusicViewController.swift */; };
		245A522626A5BB31007C30AA /* SearchResponse.swift in Sources */ = {isa = PBXBuildFile; fileRef = 245A522526A5BB31007C30AA /* SearchResponse.swift */; };
		245A522826A5C2A8007C30AA /* NetworkService.swift in Sources */ = {isa = PBXBuildFile; fileRef = 245A522726A5C2A8007C30AA /* NetworkService.swift */; };
		245A524026A5CCBB007C30AA /* SearchPresenter.swift in Sources */ = {isa = PBXBuildFile; fileRef = 245A523926A5CCBB007C30AA /* SearchPresenter.swift */; };
		245A524126A5CCBB007C30AA /* SearchWorker.swift in Sources */ = {isa = PBXBuildFile; fileRef = 245A523A26A5CCBB007C30AA /* SearchWorker.swift */; };
		245A524226A5CCBB007C30AA /* SearchRouter.swift in Sources */ = {isa = PBXBuildFile; fileRef = 245A523B26A5CCBB007C30AA /* SearchRouter.swift */; };
		245A524326A5CCBB007C30AA /* SearchModels.swift in Sources */ = {isa = PBXBuildFile; fileRef = 245A523C26A5CCBB007C30AA /* SearchModels.swift */; };
		245A524426A5CCBB007C30AA /* SearchViewController.swift in Sources */ = {isa = PBXBuildFile; fileRef = 245A523D26A5CCBB007C30AA /* SearchViewController.swift */; };
		245A524526A5CCBB007C30AA /* SearchInteractor.swift in Sources */ = {isa = PBXBuildFile; fileRef = 245A523E26A5CCBB007C30AA /* SearchInteractor.swift */; };
		245A524826A5D141007C30AA /* SearchViewController.storyboard in Resources */ = {isa = PBXBuildFile; fileRef = 245A524726A5D141007C30AA /* SearchViewController.storyboard */; };
		245A524A26A5D5E6007C30AA /* UIViewController + Storyboard.swift in Sources */ = {isa = PBXBuildFile; fileRef = 245A524926A5D5E6007C30AA /* UIViewController + Storyboard.swift */; };
		245A524E26A6CCD6007C30AA /* TrackCell.xib in Resources */ = {isa = PBXBuildFile; fileRef = 245A524D26A6CCD6007C30AA /* TrackCell.xib */; };
		245A525026A6CCFD007C30AA /* TrackCell.swift in Sources */ = {isa = PBXBuildFile; fileRef = 245A524F26A6CCFD007C30AA /* TrackCell.swift */; };
		245A525426A6EE1C007C30AA /* FooterView.swift in Sources */ = {isa = PBXBuildFile; fileRef = 245A525326A6EE1C007C30AA /* FooterView.swift */; };
		245A525726A6F523007C30AA /* TrackDetailView.xib in Resources */ = {isa = PBXBuildFile; fileRef = 245A525626A6F523007C30AA /* TrackDetailView.xib */; };
		245A525926A6F538007C30AA /* TrackDetailView.swift in Sources */ = {isa = PBXBuildFile; fileRef = 245A525826A6F538007C30AA /* TrackDetailView.swift */; };
		7029F75174A8769409461DA0 /* Pods_Music_Finder.framework in Frameworks */ = {isa = PBXBuildFile; fileRef = 86F676656C6C91C7D4841E88 /* Pods_Music_Finder.framework */; };
/* End PBXBuildFile section */

/* Begin PBXFileReference section */
		0617E66B9B4F7195EBC11B34 /* Pods-Music Finder.debug.xcconfig */ = {isa = PBXFileReference; includeInIndex = 1; lastKnownFileType = text.xcconfig; name = "Pods-Music Finder.debug.xcconfig"; path = "Target Support Files/Pods-Music Finder/Pods-Music Finder.debug.xcconfig"; sourceTree = "<group>"; };
		245A520A26A5A1AF007C30AA /* Music Finder.app */ = {isa = PBXFileReference; explicitFileType = wrapper.application; includeInIndex = 0; path = "Music Finder.app"; sourceTree = BUILT_PRODUCTS_DIR; };
		245A520D26A5A1AF007C30AA /* AppDelegate.swift */ = {isa = PBXFileReference; lastKnownFileType = sourcecode.swift; path = AppDelegate.swift; sourceTree = "<group>"; };
		245A520F26A5A1AF007C30AA /* SceneDelegate.swift */ = {isa = PBXFileReference; lastKnownFileType = sourcecode.swift; path = SceneDelegate.swift; sourceTree = "<group>"; };
		245A521126A5A1AF007C30AA /* LibraryViewController.swift */ = {isa = PBXFileReference; lastKnownFileType = sourcecode.swift; path = LibraryViewController.swift; sourceTree = "<group>"; };
		245A521426A5A1AF007C30AA /* Base */ = {isa = PBXFileReference; lastKnownFileType = file.storyboard; name = Base; path = Base.lproj/Main.storyboard; sourceTree = "<group>"; };
		245A521626A5A1B1007C30AA /* Assets.xcassets */ = {isa = PBXFileReference; lastKnownFileType = folder.assetcatalog; path = Assets.xcassets; sourceTree = "<group>"; };
		245A521926A5A1B1007C30AA /* Base */ = {isa = PBXFileReference; lastKnownFileType = file.storyboard; name = Base; path = Base.lproj/LaunchScreen.storyboard; sourceTree = "<group>"; };
		245A521B26A5A1B1007C30AA /* Info.plist */ = {isa = PBXFileReference; lastKnownFileType = text.plist.xml; path = Info.plist; sourceTree = "<group>"; };
		245A522126A5A245007C30AA /* MainTabBarController.swift */ = {isa = PBXFileReference; lastKnownFileType = sourcecode.swift; path = MainTabBarController.swift; sourceTree = "<group>"; };
		245A522326A5A320007C30AA /* SearchMusicViewController.swift */ = {isa = PBXFileReference; lastKnownFileType = sourcecode.swift; path = SearchMusicViewController.swift; sourceTree = "<group>"; };
		245A522526A5BB31007C30AA /* SearchResponse.swift */ = {isa = PBXFileReference; lastKnownFileType = sourcecode.swift; path = SearchResponse.swift; sourceTree = "<group>"; };
		245A522726A5C2A8007C30AA /* NetworkService.swift */ = {isa = PBXFileReference; lastKnownFileType = sourcecode.swift; path = NetworkService.swift; sourceTree = "<group>"; };
		245A523926A5CCBB007C30AA /* SearchPresenter.swift */ = {isa = PBXFileReference; lastKnownFileType = sourcecode.swift; path = SearchPresenter.swift; sourceTree = "<group>"; };
		245A523A26A5CCBB007C30AA /* SearchWorker.swift */ = {isa = PBXFileReference; lastKnownFileType = sourcecode.swift; path = SearchWorker.swift; sourceTree = "<group>"; };
		245A523B26A5CCBB007C30AA /* SearchRouter.swift */ = {isa = PBXFileReference; lastKnownFileType = sourcecode.swift; path = SearchRouter.swift; sourceTree = "<group>"; };
		245A523C26A5CCBB007C30AA /* SearchModels.swift */ = {isa = PBXFileReference; lastKnownFileType = sourcecode.swift; path = SearchModels.swift; sourceTree = "<group>"; };
		245A523D26A5CCBB007C30AA /* SearchViewController.swift */ = {isa = PBXFileReference; lastKnownFileType = sourcecode.swift; path = SearchViewController.swift; sourceTree = "<group>"; };
		245A523E26A5CCBB007C30AA /* SearchInteractor.swift */ = {isa = PBXFileReference; lastKnownFileType = sourcecode.swift; path = SearchInteractor.swift; sourceTree = "<group>"; };
		245A524726A5D141007C30AA /* SearchViewController.storyboard */ = {isa = PBXFileReference; lastKnownFileType = file.storyboard; path = SearchViewController.storyboard; sourceTree = "<group>"; };
		245A524926A5D5E6007C30AA /* UIViewController + Storyboard.swift */ = {isa = PBXFileReference; lastKnownFileType = sourcecode.swift; path = "UIViewController + Storyboard.swift"; sourceTree = "<group>"; };
		245A524D26A6CCD6007C30AA /* TrackCell.xib */ = {isa = PBXFileReference; lastKnownFileType = file.xib; path = TrackCell.xib; sourceTree = "<group>"; };
		245A524F26A6CCFD007C30AA /* TrackCell.swift */ = {isa = PBXFileReference; lastKnownFileType = sourcecode.swift; path = TrackCell.swift; sourceTree = "<group>"; };
		245A525326A6EE1C007C30AA /* FooterView.swift */ = {isa = PBXFileReference; lastKnownFileType = sourcecode.swift; path = FooterView.swift; sourceTree = "<group>"; };
		245A525626A6F523007C30AA /* TrackDetailView.xib */ = {isa = PBXFileReference; lastKnownFileType = file.xib; path = TrackDetailView.xib; sourceTree = "<group>"; };
		245A525826A6F538007C30AA /* TrackDetailView.swift */ = {isa = PBXFileReference; lastKnownFileType = sourcecode.swift; path = TrackDetailView.swift; sourceTree = "<group>"; };
		4C2F5E6076AC539FC96C6716 /* Pods-Music Finder.release.xcconfig */ = {isa = PBXFileReference; includeInIndex = 1; lastKnownFileType = text.xcconfig; name = "Pods-Music Finder.release.xcconfig"; path = "Target Support Files/Pods-Music Finder/Pods-Music Finder.release.xcconfig"; sourceTree = "<group>"; };
		86F676656C6C91C7D4841E88 /* Pods_Music_Finder.framework */ = {isa = PBXFileReference; explicitFileType = wrapper.framework; includeInIndex = 0; path = Pods_Music_Finder.framework; sourceTree = BUILT_PRODUCTS_DIR; };
/* End PBXFileReference section */

/* Begin PBXFrameworksBuildPhase section */
		245A520726A5A1AF007C30AA /* Frameworks */ = {
			isa = PBXFrameworksBuildPhase;
			buildActionMask = 2147483647;
			files = (
				7029F75174A8769409461DA0 /* Pods_Music_Finder.framework in Frameworks */,
			);
			runOnlyForDeploymentPostprocessing = 0;
		};
/* End PBXFrameworksBuildPhase section */

/* Begin PBXGroup section */
		245A520126A5A1AF007C30AA = {
			isa = PBXGroup;
			children = (
				245A520C26A5A1AF007C30AA /* Music Finder */,
				245A520B26A5A1AF007C30AA /* Products */,
				EAACB38FDB265A4434FDDD7C /* Pods */,
				6257D3531D7602595F98C3EF /* Frameworks */,
			);
			sourceTree = "<group>";
		};
		245A520B26A5A1AF007C30AA /* Products */ = {
			isa = PBXGroup;
			children = (
				245A520A26A5A1AF007C30AA /* Music Finder.app */,
			);
			name = Products;
			sourceTree = "<group>";
		};
		245A520C26A5A1AF007C30AA /* Music Finder */ = {
			isa = PBXGroup;
			children = (
				245A520D26A5A1AF007C30AA /* AppDelegate.swift */,
				245A520F26A5A1AF007C30AA /* SceneDelegate.swift */,
				245A523826A5CC51007C30AA /* Services */,
				245A522926A5CBD4007C30AA /* Search */,
				245A522326A5A320007C30AA /* SearchMusicViewController.swift */,
				245A521126A5A1AF007C30AA /* LibraryViewController.swift */,
				245A524B26A5D5EB007C30AA /* Helpers */,
				245A521326A5A1AF007C30AA /* Main.storyboard */,
				245A521626A5A1B1007C30AA /* Assets.xcassets */,
				245A521826A5A1B1007C30AA /* LaunchScreen.storyboard */,
				245A521B26A5A1B1007C30AA /* Info.plist */,
			);
			path = "Music Finder";
			sourceTree = "<group>";
		};
		245A522926A5CBD4007C30AA /* Search */ = {
			isa = PBXGroup;
			children = (
				245A525526A6F507007C30AA /* TrackDetailView */,
				245A525226A6EE06007C30AA /* FooterView */,
				245A524C26A6CCB4007C30AA /* Cell */,
				245A524726A5D141007C30AA /* SearchViewController.storyboard */,
				245A523D26A5CCBB007C30AA /* SearchViewController.swift */,
				245A523E26A5CCBB007C30AA /* SearchInteractor.swift */,
				245A523926A5CCBB007C30AA /* SearchPresenter.swift */,
				245A523C26A5CCBB007C30AA /* SearchModels.swift */,
				245A523A26A5CCBB007C30AA /* SearchWorker.swift */,
				245A523B26A5CCBB007C30AA /* SearchRouter.swift */,
			);
			path = Search;
			sourceTree = "<group>";
		};
		245A523826A5CC51007C30AA /* Services */ = {
			isa = PBXGroup;
			children = (
				245A525126A6D215007C30AA /* Models */,
				245A522726A5C2A8007C30AA /* NetworkService.swift */,
				245A522126A5A245007C30AA /* MainTabBarController.swift */,
			);
			path = Services;
			sourceTree = "<group>";
		};
		245A524B26A5D5EB007C30AA /* Helpers */ = {
			isa = PBXGroup;
			children = (
				245A524926A5D5E6007C30AA /* UIViewController + Storyboard.swift */,
			);
			path = Helpers;
			sourceTree = "<group>";
		};
		245A524C26A6CCB4007C30AA /* Cell */ = {
			isa = PBXGroup;
			children = (
				245A524D26A6CCD6007C30AA /* TrackCell.xib */,
				245A524F26A6CCFD007C30AA /* TrackCell.swift */,
			);
			path = Cell;
			sourceTree = "<group>";
		};
		245A525126A6D215007C30AA /* Models */ = {
			isa = PBXGroup;
			children = (
				245A522526A5BB31007C30AA /* SearchResponse.swift */,
			);
			path = Models;
			sourceTree = "<group>";
		};
		245A525226A6EE06007C30AA /* FooterView */ = {
			isa = PBXGroup;
			children = (
				245A525326A6EE1C007C30AA /* FooterView.swift */,
			);
			path = FooterView;
			sourceTree = "<group>";
		};
		245A525526A6F507007C30AA /* TrackDetailView */ = {
			isa = PBXGroup;
			children = (
				245A525626A6F523007C30AA /* TrackDetailView.xib */,
				245A525826A6F538007C30AA /* TrackDetailView.swift */,
			);
			path = TrackDetailView;
			sourceTree = "<group>";
		};
		6257D3531D7602595F98C3EF /* Frameworks */ = {
			isa = PBXGroup;
			children = (
				86F676656C6C91C7D4841E88 /* Pods_Music_Finder.framework */,
			);
			name = Frameworks;
			sourceTree = "<group>";
		};
		EAACB38FDB265A4434FDDD7C /* Pods */ = {
			isa = PBXGroup;
			children = (
				0617E66B9B4F7195EBC11B34 /* Pods-Music Finder.debug.xcconfig */,
				4C2F5E6076AC539FC96C6716 /* Pods-Music Finder.release.xcconfig */,
			);
			path = Pods;
			sourceTree = "<group>";
		};
/* End PBXGroup section */

/* Begin PBXNativeTarget section */
		245A520926A5A1AF007C30AA /* Music Finder */ = {
			isa = PBXNativeTarget;
			buildConfigurationList = 245A521E26A5A1B1007C30AA /* Build configuration list for PBXNativeTarget "Music Finder" */;
			buildPhases = (
				414678B185815D0206F39DCF /* [CP] Check Pods Manifest.lock */,
				245A520626A5A1AF007C30AA /* Sources */,
				245A520726A5A1AF007C30AA /* Frameworks */,
				245A520826A5A1AF007C30AA /* Resources */,
				2E3E7FAA46B76959CCF52D88 /* [CP] Embed Pods Frameworks */,
			);
			buildRules = (
			);
			dependencies = (
			);
			name = "Music Finder";
			productName = "Music Finder";
			productReference = 245A520A26A5A1AF007C30AA /* Music Finder.app */;
			productType = "com.apple.product-type.application";
		};
/* End PBXNativeTarget section */

/* Begin PBXProject section */
		245A520226A5A1AF007C30AA /* Project object */ = {
			isa = PBXProject;
			attributes = {
				LastSwiftUpdateCheck = 1250;
				LastUpgradeCheck = 1250;
				TargetAttributes = {
					245A520926A5A1AF007C30AA = {
						CreatedOnToolsVersion = 12.5;
					};
				};
			};
			buildConfigurationList = 245A520526A5A1AF007C30AA /* Build configuration list for PBXProject "Music Finder" */;
			compatibilityVersion = "Xcode 9.3";
			developmentRegion = en;
			hasScannedForEncodings = 0;
			knownRegions = (
				en,
				Base,
			);
			mainGroup = 245A520126A5A1AF007C30AA;
			productRefGroup = 245A520B26A5A1AF007C30AA /* Products */;
			projectDirPath = "";
			projectRoot = "";
			targets = (
				245A520926A5A1AF007C30AA /* Music Finder */,
			);
		};
/* End PBXProject section */

/* Begin PBXResourcesBuildPhase section */
		245A520826A5A1AF007C30AA /* Resources */ = {
			isa = PBXResourcesBuildPhase;
			buildActionMask = 2147483647;
			files = (
				245A525726A6F523007C30AA /* TrackDetailView.xib in Resources */,
				245A521A26A5A1B1007C30AA /* LaunchScreen.storyboard in Resources */,
				245A524E26A6CCD6007C30AA /* TrackCell.xib in Resources */,
				245A521726A5A1B1007C30AA /* Assets.xcassets in Resources */,
				245A524826A5D141007C30AA /* SearchViewController.storyboard in Resources */,
				245A521526A5A1AF007C30AA /* Main.storyboard in Resources */,
			);
			runOnlyForDeploymentPostprocessing = 0;
		};
/* End PBXResourcesBuildPhase section */

/* Begin PBXShellScriptBuildPhase section */
		2E3E7FAA46B76959CCF52D88 /* [CP] Embed Pods Frameworks */ = {
			isa = PBXShellScriptBuildPhase;
			buildActionMask = 2147483647;
			files = (
			);
			inputFileListPaths = (
				"${PODS_ROOT}/Target Support Files/Pods-Music Finder/Pods-Music Finder-frameworks-${CONFIGURATION}-input-files.xcfilelist",
			);
			name = "[CP] Embed Pods Frameworks";
			outputFileListPaths = (
				"${PODS_ROOT}/Target Support Files/Pods-Music Finder/Pods-Music Finder-frameworks-${CONFIGURATION}-output-files.xcfilelist",
			);
			runOnlyForDeploymentPostprocessing = 0;
			shellPath = /bin/sh;
			shellScript = "\"${PODS_ROOT}/Target Support Files/Pods-Music Finder/Pods-Music Finder-frameworks.sh\"\n";
			showEnvVarsInLog = 0;
		};
		414678B185815D0206F39DCF /* [CP] Check Pods Manifest.lock */ = {
			isa = PBXShellScriptBuildPhase;
			buildActionMask = 2147483647;
			files = (
			);
			inputFileListPaths = (
			);
			inputPaths = (
				"${PODS_PODFILE_DIR_PATH}/Podfile.lock",
				"${PODS_ROOT}/Manifest.lock",
			);
			name = "[CP] Check Pods Manifest.lock";
			outputFileListPaths = (
			);
			outputPaths = (
				"$(DERIVED_FILE_DIR)/Pods-Music Finder-checkManifestLockResult.txt",
			);
			runOnlyForDeploymentPostprocessing = 0;
			shellPath = /bin/sh;
			shellScript = "diff \"${PODS_PODFILE_DIR_PATH}/Podfile.lock\" \"${PODS_ROOT}/Manifest.lock\" > /dev/null\nif [ $? != 0 ] ; then\n    # print error to STDERR\n    echo \"error: The sandbox is not in sync with the Podfile.lock. Run 'pod install' or update your CocoaPods installation.\" >&2\n    exit 1\nfi\n# This output is used by Xcode 'outputs' to avoid re-running this script phase.\necho \"SUCCESS\" > \"${SCRIPT_OUTPUT_FILE_0}\"\n";
			showEnvVarsInLog = 0;
		};
/* End PBXShellScriptBuildPhase section */

/* Begin PBXSourcesBuildPhase section */
		245A520626A5A1AF007C30AA /* Sources */ = {
			isa = PBXSourcesBuildPhase;
			buildActionMask = 2147483647;
			files = (
				245A522626A5BB31007C30AA /* SearchResponse.swift in Sources */,
				245A524A26A5D5E6007C30AA /* UIViewController + Storyboard.swift in Sources */,
				245A522426A5A320007C30AA /* SearchMusicViewController.swift in Sources */,
				245A521226A5A1AF007C30AA /* LibraryViewController.swift in Sources */,
				245A524526A5CCBB007C30AA /* SearchInteractor.swift in Sources */,
				245A525426A6EE1C007C30AA /* FooterView.swift in Sources */,
				245A525026A6CCFD007C30AA /* TrackCell.swift in Sources */,
				245A520E26A5A1AF007C30AA /* AppDelegate.swift in Sources */,
				245A522226A5A245007C30AA /* MainTabBarController.swift in Sources */,
				245A524126A5CCBB007C30AA /* SearchWorker.swift in Sources */,
				245A524426A5CCBB007C30AA /* SearchViewController.swift in Sources */,
				245A524226A5CCBB007C30AA /* SearchRouter.swift in Sources */,
				245A524326A5CCBB007C30AA /* SearchModels.swift in Sources */,
				245A521026A5A1AF007C30AA /* SceneDelegate.swift in Sources */,
				245A524026A5CCBB007C30AA /* SearchPresenter.swift in Sources */,
				245A525926A6F538007C30AA /* TrackDetailView.swift in Sources */,
				245A522826A5C2A8007C30AA /* NetworkService.swift in Sources */,
			);
			runOnlyForDeploymentPostprocessing = 0;
		};
/* End PBXSourcesBuildPhase section */

/* Begin PBXVariantGroup section */
		245A521326A5A1AF007C30AA /* Main.storyboard */ = {
			isa = PBXVariantGroup;
			children = (
				245A521426A5A1AF007C30AA /* Base */,
			);
			name = Main.storyboard;
			sourceTree = "<group>";
		};
		245A521826A5A1B1007C30AA /* LaunchScreen.storyboard */ = {
			isa = PBXVariantGroup;
			children = (
				245A521926A5A1B1007C30AA /* Base */,
			);
			name = LaunchScreen.storyboard;
			sourceTree = "<group>";
		};
/* End PBXVariantGroup section */

/* Begin XCBuildConfiguration section */
		245A521C26A5A1B1007C30AA /* Debug */ = {
			isa = XCBuildConfiguration;
			buildSettings = {
				ALWAYS_SEARCH_USER_PATHS = NO;
				CLANG_ANALYZER_NONNULL = YES;
				CLANG_ANALYZER_NUMBER_OBJECT_CONVERSION = YES_AGGRESSIVE;
				CLANG_CXX_LANGUAGE_STANDARD = "gnu++14";
				CLANG_CXX_LIBRARY = "libc++";
				CLANG_ENABLE_MODULES = YES;
				CLANG_ENABLE_OBJC_ARC = YES;
				CLANG_ENABLE_OBJC_WEAK = YES;
				CLANG_WARN_BLOCK_CAPTURE_AUTORELEASING = YES;
				CLANG_WARN_BOOL_CONVERSION = YES;
				CLANG_WARN_COMMA = YES;
				CLANG_WARN_CONSTANT_CONVERSION = YES;
				CLANG_WARN_DEPRECATED_OBJC_IMPLEMENTATIONS = YES;
				CLANG_WARN_DIRECT_OBJC_ISA_USAGE = YES_ERROR;
				CLANG_WARN_DOCUMENTATION_COMMENTS = YES;
				CLANG_WARN_EMPTY_BODY = YES;
				CLANG_WARN_ENUM_CONVERSION = YES;
				CLANG_WARN_INFINITE_RECURSION = YES;
				CLANG_WARN_INT_CONVERSION = YES;
				CLANG_WARN_NON_LITERAL_NULL_CONVERSION = YES;
				CLANG_WARN_OBJC_IMPLICIT_RETAIN_SELF = YES;
				CLANG_WARN_OBJC_LITERAL_CONVERSION = YES;
				CLANG_WARN_OBJC_ROOT_CLASS = YES_ERROR;
				CLANG_WARN_QUOTED_INCLUDE_IN_FRAMEWORK_HEADER = YES;
				CLANG_WARN_RANGE_LOOP_ANALYSIS = YES;
				CLANG_WARN_STRICT_PROTOTYPES = YES;
				CLANG_WARN_SUSPICIOUS_MOVE = YES;
				CLANG_WARN_UNGUARDED_AVAILABILITY = YES_AGGRESSIVE;
				CLANG_WARN_UNREACHABLE_CODE = YES;
				CLANG_WARN__DUPLICATE_METHOD_MATCH = YES;
				COPY_PHASE_STRIP = NO;
				DEBUG_INFORMATION_FORMAT = dwarf;
				ENABLE_STRICT_OBJC_MSGSEND = YES;
				ENABLE_TESTABILITY = YES;
				GCC_C_LANGUAGE_STANDARD = gnu11;
				GCC_DYNAMIC_NO_PIC = NO;
				GCC_NO_COMMON_BLOCKS = YES;
				GCC_OPTIMIZATION_LEVEL = 0;
				GCC_PREPROCESSOR_DEFINITIONS = (
					"DEBUG=1",
					"$(inherited)",
				);
				GCC_WARN_64_TO_32_BIT_CONVERSION = YES;
				GCC_WARN_ABOUT_RETURN_TYPE = YES_ERROR;
				GCC_WARN_UNDECLARED_SELECTOR = YES;
				GCC_WARN_UNINITIALIZED_AUTOS = YES_AGGRESSIVE;
				GCC_WARN_UNUSED_FUNCTION = YES;
				GCC_WARN_UNUSED_VARIABLE = YES;
				IPHONEOS_DEPLOYMENT_TARGET = 14.5;
				MTL_ENABLE_DEBUG_INFO = INCLUDE_SOURCE;
				MTL_FAST_MATH = YES;
				ONLY_ACTIVE_ARCH = YES;
				SDKROOT = iphoneos;
				SWIFT_ACTIVE_COMPILATION_CONDITIONS = DEBUG;
				SWIFT_OPTIMIZATION_LEVEL = "-Onone";
			};
			name = Debug;
		};
		245A521D26A5A1B1007C30AA /* Release */ = {
			isa = XCBuildConfiguration;
			buildSettings = {
				ALWAYS_SEARCH_USER_PATHS = NO;
				CLANG_ANALYZER_NONNULL = YES;
				CLANG_ANALYZER_NUMBER_OBJECT_CONVERSION = YES_AGGRESSIVE;
				CLANG_CXX_LANGUAGE_STANDARD = "gnu++14";
				CLANG_CXX_LIBRARY = "libc++";
				CLANG_ENABLE_MODULES = YES;
				CLANG_ENABLE_OBJC_ARC = YES;
				CLANG_ENABLE_OBJC_WEAK = YES;
				CLANG_WARN_BLOCK_CAPTURE_AUTORELEASING = YES;
				CLANG_WARN_BOOL_CONVERSION = YES;
				CLANG_WARN_COMMA = YES;
				CLANG_WARN_CONSTANT_CONVERSION = YES;
				CLANG_WARN_DEPRECATED_OBJC_IMPLEMENTATIONS = YES;
				CLANG_WARN_DIRECT_OBJC_ISA_USAGE = YES_ERROR;
				CLANG_WARN_DOCUMENTATION_COMMENTS = YES;
				CLANG_WARN_EMPTY_BODY = YES;
				CLANG_WARN_ENUM_CONVERSION = YES;
				CLANG_WARN_INFINITE_RECURSION = YES;
				CLANG_WARN_INT_CONVERSION = YES;
				CLANG_WARN_NON_LITERAL_NULL_CONVERSION = YES;
				CLANG_WARN_OBJC_IMPLICIT_RETAIN_SELF = YES;
				CLANG_WARN_OBJC_LITERAL_CONVERSION = YES;
				CLANG_WARN_OBJC_ROOT_CLASS = YES_ERROR;
				CLANG_WARN_QUOTED_INCLUDE_IN_FRAMEWORK_HEADER = YES;
				CLANG_WARN_RANGE_LOOP_ANALYSIS = YES;
				CLANG_WARN_STRICT_PROTOTYPES = YES;
				CLANG_WARN_SUSPICIOUS_MOVE = YES;
				CLANG_WARN_UNGUARDED_AVAILABILITY = YES_AGGRESSIVE;
				CLANG_WARN_UNREACHABLE_CODE = YES;
				CLANG_WARN__DUPLICATE_METHOD_MATCH = YES;
				COPY_PHASE_STRIP = NO;
				DEBUG_INFORMATION_FORMAT = "dwarf-with-dsym";
				ENABLE_NS_ASSERTIONS = NO;
				ENABLE_STRICT_OBJC_MSGSEND = YES;
				GCC_C_LANGUAGE_STANDARD = gnu11;
				GCC_NO_COMMON_BLOCKS = YES;
				GCC_WARN_64_TO_32_BIT_CONVERSION = YES;
				GCC_WARN_ABOUT_RETURN_TYPE = YES_ERROR;
				GCC_WARN_UNDECLARED_SELECTOR = YES;
				GCC_WARN_UNINITIALIZED_AUTOS = YES_AGGRESSIVE;
				GCC_WARN_UNUSED_FUNCTION = YES;
				GCC_WARN_UNUSED_VARIABLE = YES;
				IPHONEOS_DEPLOYMENT_TARGET = 14.5;
				MTL_ENABLE_DEBUG_INFO = NO;
				MTL_FAST_MATH = YES;
				SDKROOT = iphoneos;
				SWIFT_COMPILATION_MODE = wholemodule;
				SWIFT_OPTIMIZATION_LEVEL = "-O";
				VALIDATE_PRODUCT = YES;
			};
			name = Release;
		};
		245A521F26A5A1B1007C30AA /* Debug */ = {
			isa = XCBuildConfiguration;
			baseConfigurationReference = 0617E66B9B4F7195EBC11B34 /* Pods-Music Finder.debug.xcconfig */;
			buildSettings = {
				ASSETCATALOG_COMPILER_APPICON_NAME = AppIcon;
				ASSETCATALOG_COMPILER_GLOBAL_ACCENT_COLOR_NAME = AccentColor;
				CODE_SIGN_STYLE = Automatic;
				DEVELOPMENT_TEAM = 6U48XQQB49;
				INFOPLIST_FILE = "Music Finder/Info.plist";
				LD_RUNPATH_SEARCH_PATHS = (
					"$(inherited)",
					"@executable_path/Frameworks",
				);
				PRODUCT_BUNDLE_IDENTIFIER = "by.TsarenkoffOS.Music-Finder";
				PRODUCT_NAME = "$(TARGET_NAME)";
				SWIFT_VERSION = 5.0;
				TARGETED_DEVICE_FAMILY = "1,2";
			};
			name = Debug;
		};
		245A522026A5A1B1007C30AA /* Release */ = {
			isa = XCBuildConfiguration;
			baseConfigurationReference = 4C2F5E6076AC539FC96C6716 /* Pods-Music Finder.release.xcconfig */;
			buildSettings = {
				ASSETCATALOG_COMPILER_APPICON_NAME = AppIcon;
				ASSETCATALOG_COMPILER_GLOBAL_ACCENT_COLOR_NAME = AccentColor;
				CODE_SIGN_STYLE = Automatic;
				DEVELOPMENT_TEAM = 6U48XQQB49;
				INFOPLIST_FILE = "Music Finder/Info.plist";
				LD_RUNPATH_SEARCH_PATHS = (
					"$(inherited)",
					"@executable_path/Frameworks",
				);
				PRODUCT_BUNDLE_IDENTIFIER = "by.TsarenkoffOS.Music-Finder";
				PRODUCT_NAME = "$(TARGET_NAME)";
				SWIFT_VERSION = 5.0;
				TARGETED_DEVICE_FAMILY = "1,2";
			};
			name = Release;
		};
/* End XCBuildConfiguration section */

/* Begin XCConfigurationList section */
		245A520526A5A1AF007C30AA /* Build configuration list for PBXProject "Music Finder" */ = {
			isa = XCConfigurationList;
			buildConfigurations = (
				245A521C26A5A1B1007C30AA /* Debug */,
				245A521D26A5A1B1007C30AA /* Release */,
			);
			defaultConfigurationIsVisible = 0;
			defaultConfigurationName = Release;
		};
		245A521E26A5A1B1007C30AA /* Build configuration list for PBXNativeTarget "Music Finder" */ = {
			isa = XCConfigurationList;
			buildConfigurations = (
				245A521F26A5A1B1007C30AA /* Debug */,
				245A522026A5A1B1007C30AA /* Release */,
			);
			defaultConfigurationIsVisible = 0;
			defaultConfigurationName = Release;
		};
/* End XCConfigurationList section */
	};
	rootObject = 245A520226A5A1AF007C30AA /* Project object */;
}
